// !$*UTF8*$!
{
	archiveVersion = 1;
	classes = {
	};
	objectVersion = 51;
	objects = {

/* Begin PBXBuildFile section */
		5474377E23731A9400B42A9C /* AppDelegate.swift in Sources */ = {isa = PBXBuildFile; fileRef = 5474377D23731A9400B42A9C /* AppDelegate.swift */; };
		5474378023731A9400B42A9C /* SceneDelegate.swift in Sources */ = {isa = PBXBuildFile; fileRef = 5474377F23731A9400B42A9C /* SceneDelegate.swift */; };
		5474378223731A9400B42A9C /* ContentView.swift in Sources */ = {isa = PBXBuildFile; fileRef = 5474378123731A9400B42A9C /* ContentView.swift */; };
		5474378423731A9800B42A9C /* Assets.xcassets in Resources */ = {isa = PBXBuildFile; fileRef = 5474378323731A9800B42A9C /* Assets.xcassets */; };
		5474378723731A9800B42A9C /* Preview Assets.xcassets in Resources */ = {isa = PBXBuildFile; fileRef = 5474378623731A9800B42A9C /* Preview Assets.xcassets */; };
		5474378A23731A9800B42A9C /* LaunchScreen.storyboard in Resources */ = {isa = PBXBuildFile; fileRef = 5474378823731A9800B42A9C /* LaunchScreen.storyboard */; };
		5474379523731A9800B42A9C /* OSBaseTableViewTests.swift in Sources */ = {isa = PBXBuildFile; fileRef = 5474379423731A9800B42A9C /* OSBaseTableViewTests.swift */; };
		547437A023731A9800B42A9C /* OSBaseTableViewUITests.swift in Sources */ = {isa = PBXBuildFile; fileRef = 5474379F23731A9800B42A9C /* OSBaseTableViewUITests.swift */; };
		547437BF23731B6F00B42A9C /* Objc_Extension.swift in Sources */ = {isa = PBXBuildFile; fileRef = 547437BE23731B6F00B42A9C /* Objc_Extension.swift */; };
		547437C123731BEC00B42A9C /* UIResponder_Extension.swift in Sources */ = {isa = PBXBuildFile; fileRef = 547437C023731BEB00B42A9C /* UIResponder_Extension.swift */; };
		547BC64C237900B000854CF4 /* HYBaseCollectionViewDataSource.swift in Sources */ = {isa = PBXBuildFile; fileRef = 547BC63E237900B000854CF4 /* HYBaseCollectionViewDataSource.swift */; };
		547BC64D237900B000854CF4 /* HYBaseCollectionCellTool.swift in Sources */ = {isa = PBXBuildFile; fileRef = 547BC63F237900B000854CF4 /* HYBaseCollectionCellTool.swift */; };
		547BC64E237900B000854CF4 /* HYBaseCollectionCell.swift in Sources */ = {isa = PBXBuildFile; fileRef = 547BC640237900B000854CF4 /* HYBaseCollectionCell.swift */; };
		547BC64F237900B000854CF4 /* HYBaseCollectionView.swift in Sources */ = {isa = PBXBuildFile; fileRef = 547BC641237900B000854CF4 /* HYBaseCollectionView.swift */; };
		547BC650237900B000854CF4 /* HYBaseCollectionViewDegelate.swift in Sources */ = {isa = PBXBuildFile; fileRef = 547BC642237900B000854CF4 /* HYBaseCollectionViewDegelate.swift */; };
		547BC651237900B000854CF4 /* HYBaseTableViewProtocol.swift in Sources */ = {isa = PBXBuildFile; fileRef = 547BC644237900B000854CF4 /* HYBaseTableViewProtocol.swift */; };
		547BC652237900B000854CF4 /* HYBaseModel.swift in Sources */ = {isa = PBXBuildFile; fileRef = 547BC645237900B000854CF4 /* HYBaseModel.swift */; };
		547BC653237900B000854CF4 /* HYBaseTableViewDataSource.swift in Sources */ = {isa = PBXBuildFile; fileRef = 547BC646237900B000854CF4 /* HYBaseTableViewDataSource.swift */; };
		547BC654237900B000854CF4 /* HYBaseTableViewDegelate.swift in Sources */ = {isa = PBXBuildFile; fileRef = 547BC647237900B000854CF4 /* HYBaseTableViewDegelate.swift */; };
		547BC655237900B000854CF4 /* HYBaseTableView.swift in Sources */ = {isa = PBXBuildFile; fileRef = 547BC648237900B000854CF4 /* HYBaseTableView.swift */; };
		547BC656237900B000854CF4 /* HYBaseCell.swift in Sources */ = {isa = PBXBuildFile; fileRef = 547BC649237900B000854CF4 /* HYBaseCell.swift */; };
		547BC657237900B000854CF4 /* HYBaseCellProtocol.swift in Sources */ = {isa = PBXBuildFile; fileRef = 547BC64A237900B000854CF4 /* HYBaseCellProtocol.swift */; };
		547BC658237900B000854CF4 /* HYBaseCellTool.swift in Sources */ = {isa = PBXBuildFile; fileRef = 547BC64B237900B000854CF4 /* HYBaseCellTool.swift */; };
		54AE8ACE237D19AE00B200E6 /* HYBaseStackCell.swift in Sources */ = {isa = PBXBuildFile; fileRef = 54AE8AC8237D19AD00B200E6 /* HYBaseStackCell.swift */; };
		54AE8ACF237D19AE00B200E6 /* HYBaseStackVC.swift in Sources */ = {isa = PBXBuildFile; fileRef = 54AE8AC9237D19AD00B200E6 /* HYBaseStackVC.swift */; };
		54AE8AD0237D19AE00B200E6 /* HYBaseStackScrollView.swift in Sources */ = {isa = PBXBuildFile; fileRef = 54AE8ACA237D19AD00B200E6 /* HYBaseStackScrollView.swift */; };
		54AE8AD1237D19AE00B200E6 /* HYBaseStackModel.swift in Sources */ = {isa = PBXBuildFile; fileRef = 54AE8ACB237D19AD00B200E6 /* HYBaseStackModel.swift */; };
		54AE8AD2237D19AE00B200E6 /* HYBaseVC.swift in Sources */ = {isa = PBXBuildFile; fileRef = 54AE8ACC237D19AD00B200E6 /* HYBaseVC.swift */; };
		602F97315FE7352F4EFAF338 /* Pods_OSBaseTableView.framework in Frameworks */ = {isa = PBXBuildFile; fileRef = 5F9755ADD4C7745EA3993A0E /* Pods_OSBaseTableView.framework */; };
/* End PBXBuildFile section */

/* Begin PBXContainerItemProxy section */
		5474379123731A9800B42A9C /* PBXContainerItemProxy */ = {
			isa = PBXContainerItemProxy;
			containerPortal = 5474377223731A9400B42A9C /* Project object */;
			proxyType = 1;
			remoteGlobalIDString = 5474377923731A9400B42A9C;
			remoteInfo = OSBaseTableView;
		};
		5474379C23731A9800B42A9C /* PBXContainerItemProxy */ = {
			isa = PBXContainerItemProxy;
			containerPortal = 5474377223731A9400B42A9C /* Project object */;
			proxyType = 1;
			remoteGlobalIDString = 5474377923731A9400B42A9C;
			remoteInfo = OSBaseTableView;
		};
/* End PBXContainerItemProxy section */

/* Begin PBXFileReference section */
		1385D9F5B8A4CCA5466E4908 /* Pods-OSBaseTableView.debug.xcconfig */ = {isa = PBXFileReference; includeInIndex = 1; lastKnownFileType = text.xcconfig; name = "Pods-OSBaseTableView.debug.xcconfig"; path = "Target Support Files/Pods-OSBaseTableView/Pods-OSBaseTableView.debug.xcconfig"; sourceTree = "<group>"; };
		5474377A23731A9400B42A9C /* OSBaseTableView.app */ = {isa = PBXFileReference; explicitFileType = wrapper.application; includeInIndex = 0; path = OSBaseTableView.app; sourceTree = BUILT_PRODUCTS_DIR; };
		5474377D23731A9400B42A9C /* AppDelegate.swift */ = {isa = PBXFileReference; lastKnownFileType = sourcecode.swift; path = AppDelegate.swift; sourceTree = "<group>"; };
		5474377F23731A9400B42A9C /* SceneDelegate.swift */ = {isa = PBXFileReference; lastKnownFileType = sourcecode.swift; path = SceneDelegate.swift; sourceTree = "<group>"; };
		5474378123731A9400B42A9C /* ContentView.swift */ = {isa = PBXFileReference; lastKnownFileType = sourcecode.swift; path = ContentView.swift; sourceTree = "<group>"; };
		5474378323731A9800B42A9C /* Assets.xcassets */ = {isa = PBXFileReference; lastKnownFileType = folder.assetcatalog; path = Assets.xcassets; sourceTree = "<group>"; };
		5474378623731A9800B42A9C /* Preview Assets.xcassets */ = {isa = PBXFileReference; lastKnownFileType = folder.assetcatalog; path = "Preview Assets.xcassets"; sourceTree = "<group>"; };
		5474378923731A9800B42A9C /* Base */ = {isa = PBXFileReference; lastKnownFileType = file.storyboard; name = Base; path = Base.lproj/LaunchScreen.storyboard; sourceTree = "<group>"; };
		5474378B23731A9800B42A9C /* Info.plist */ = {isa = PBXFileReference; lastKnownFileType = text.plist.xml; path = Info.plist; sourceTree = "<group>"; };
		5474379023731A9800B42A9C /* OSBaseTableViewTests.xctest */ = {isa = PBXFileReference; explicitFileType = wrapper.cfbundle; includeInIndex = 0; path = OSBaseTableViewTests.xctest; sourceTree = BUILT_PRODUCTS_DIR; };
		5474379423731A9800B42A9C /* OSBaseTableViewTests.swift */ = {isa = PBXFileReference; lastKnownFileType = sourcecode.swift; path = OSBaseTableViewTests.swift; sourceTree = "<group>"; };
		5474379623731A9800B42A9C /* Info.plist */ = {isa = PBXFileReference; lastKnownFileType = text.plist.xml; path = Info.plist; sourceTree = "<group>"; };
		5474379B23731A9800B42A9C /* OSBaseTableViewUITests.xctest */ = {isa = PBXFileReference; explicitFileType = wrapper.cfbundle; includeInIndex = 0; path = OSBaseTableViewUITests.xctest; sourceTree = BUILT_PRODUCTS_DIR; };
		5474379F23731A9800B42A9C /* OSBaseTableViewUITests.swift */ = {isa = PBXFileReference; lastKnownFileType = sourcecode.swift; path = OSBaseTableViewUITests.swift; sourceTree = "<group>"; };
		547437A123731A9800B42A9C /* Info.plist */ = {isa = PBXFileReference; lastKnownFileType = text.plist.xml; path = Info.plist; sourceTree = "<group>"; };
		547437BE23731B6F00B42A9C /* Objc_Extension.swift */ = {isa = PBXFileReference; fileEncoding = 4; lastKnownFileType = sourcecode.swift; path = Objc_Extension.swift; sourceTree = "<group>"; };
		547437C023731BEB00B42A9C /* UIResponder_Extension.swift */ = {isa = PBXFileReference; fileEncoding = 4; lastKnownFileType = sourcecode.swift; path = UIResponder_Extension.swift; sourceTree = "<group>"; };
		547BC63E237900B000854CF4 /* HYBaseCollectionViewDataSource.swift */ = {isa = PBXFileReference; fileEncoding = 4; lastKnownFileType = sourcecode.swift; path = HYBaseCollectionViewDataSource.swift; sourceTree = "<group>"; };
		547BC63F237900B000854CF4 /* HYBaseCollectionCellTool.swift */ = {isa = PBXFileReference; fileEncoding = 4; lastKnownFileType = sourcecode.swift; path = HYBaseCollectionCellTool.swift; sourceTree = "<group>"; };
		547BC640237900B000854CF4 /* HYBaseCollectionCell.swift */ = {isa = PBXFileReference; fileEncoding = 4; lastKnownFileType = sourcecode.swift; path = HYBaseCollectionCell.swift; sourceTree = "<group>"; };
		547BC641237900B000854CF4 /* HYBaseCollectionView.swift */ = {isa = PBXFileReference; fileEncoding = 4; lastKnownFileType = sourcecode.swift; path = HYBaseCollectionView.swift; sourceTree = "<group>"; };
		547BC642237900B000854CF4 /* HYBaseCollectionViewDegelate.swift */ = {isa = PBXFileReference; fileEncoding = 4; lastKnownFileType = sourcecode.swift; path = HYBaseCollectionViewDegelate.swift; sourceTree = "<group>"; };
		547BC644237900B000854CF4 /* HYBaseTableViewProtocol.swift */ = {isa = PBXFileReference; fileEncoding = 4; lastKnownFileType = sourcecode.swift; path = HYBaseTableViewProtocol.swift; sourceTree = "<group>"; };
		547BC645237900B000854CF4 /* HYBaseModel.swift */ = {isa = PBXFileReference; fileEncoding = 4; lastKnownFileType = sourcecode.swift; path = HYBaseModel.swift; sourceTree = "<group>"; };
		547BC646237900B000854CF4 /* HYBaseTableViewDataSource.swift */ = {isa = PBXFileReference; fileEncoding = 4; lastKnownFileType = sourcecode.swift; path = HYBaseTableViewDataSource.swift; sourceTree = "<group>"; };
		547BC647237900B000854CF4 /* HYBaseTableViewDegelate.swift */ = {isa = PBXFileReference; fileEncoding = 4; lastKnownFileType = sourcecode.swift; path = HYBaseTableViewDegelate.swift; sourceTree = "<group>"; };
		547BC648237900B000854CF4 /* HYBaseTableView.swift */ = {isa = PBXFileReference; fileEncoding = 4; lastKnownFileType = sourcecode.swift; path = HYBaseTableView.swift; sourceTree = "<group>"; };
		547BC649237900B000854CF4 /* HYBaseCell.swift */ = {isa = PBXFileReference; fileEncoding = 4; lastKnownFileType = sourcecode.swift; path = HYBaseCell.swift; sourceTree = "<group>"; };
		547BC64A237900B000854CF4 /* HYBaseCellProtocol.swift */ = {isa = PBXFileReference; fileEncoding = 4; lastKnownFileType = sourcecode.swift; path = HYBaseCellProtocol.swift; sourceTree = "<group>"; };
		547BC64B237900B000854CF4 /* HYBaseCellTool.swift */ = {isa = PBXFileReference; fileEncoding = 4; lastKnownFileType = sourcecode.swift; path = HYBaseCellTool.swift; sourceTree = "<group>"; };
		54AE8AC8237D19AD00B200E6 /* HYBaseStackCell.swift */ = {isa = PBXFileReference; fileEncoding = 4; lastKnownFileType = sourcecode.swift; path = HYBaseStackCell.swift; sourceTree = "<group>"; };
		54AE8AC9237D19AD00B200E6 /* HYBaseStackVC.swift */ = {isa = PBXFileReference; fileEncoding = 4; lastKnownFileType = sourcecode.swift; path = HYBaseStackVC.swift; sourceTree = "<group>"; };
		54AE8ACA237D19AD00B200E6 /* HYBaseStackScrollView.swift */ = {isa = PBXFileReference; fileEncoding = 4; lastKnownFileType = sourcecode.swift; path = HYBaseStackScrollView.swift; sourceTree = "<group>"; };
		54AE8ACB237D19AD00B200E6 /* HYBaseStackModel.swift */ = {isa = PBXFileReference; fileEncoding = 4; lastKnownFileType = sourcecode.swift; path = HYBaseStackModel.swift; sourceTree = "<group>"; };
		54AE8ACC237D19AD00B200E6 /* HYBaseVC.swift */ = {isa = PBXFileReference; fileEncoding = 4; lastKnownFileType = sourcecode.swift; path = HYBaseVC.swift; sourceTree = "<group>"; };
		5F9755ADD4C7745EA3993A0E /* Pods_OSBaseTableView.framework */ = {isa = PBXFileReference; explicitFileType = wrapper.framework; includeInIndex = 0; path = Pods_OSBaseTableView.framework; sourceTree = BUILT_PRODUCTS_DIR; };
		BD8F4B54889C687148DD5C36 /* Pods-OSBaseTableView.release.xcconfig */ = {isa = PBXFileReference; includeInIndex = 1; lastKnownFileType = text.xcconfig; name = "Pods-OSBaseTableView.release.xcconfig"; path = "Target Support Files/Pods-OSBaseTableView/Pods-OSBaseTableView.release.xcconfig"; sourceTree = "<group>"; };
/* End PBXFileReference section */

/* Begin PBXFrameworksBuildPhase section */
		5474377723731A9400B42A9C /* Frameworks */ = {
			isa = PBXFrameworksBuildPhase;
			buildActionMask = 2147483647;
			files = (
				602F97315FE7352F4EFAF338 /* Pods_OSBaseTableView.framework in Frameworks */,
			);
			runOnlyForDeploymentPostprocessing = 0;
		};
		5474378D23731A9800B42A9C /* Frameworks */ = {
			isa = PBXFrameworksBuildPhase;
			buildActionMask = 2147483647;
			files = (
			);
			runOnlyForDeploymentPostprocessing = 0;
		};
		5474379823731A9800B42A9C /* Frameworks */ = {
			isa = PBXFrameworksBuildPhase;
			buildActionMask = 2147483647;
			files = (
			);
			runOnlyForDeploymentPostprocessing = 0;
		};
/* End PBXFrameworksBuildPhase section */

/* Begin PBXGroup section */
		5474377123731A9400B42A9C = {
			isa = PBXGroup;
			children = (
				5474377C23731A9400B42A9C /* OSBaseTableView */,
				5474379323731A9800B42A9C /* OSBaseTableViewTests */,
				5474379E23731A9800B42A9C /* OSBaseTableViewUITests */,
				5474377B23731A9400B42A9C /* Products */,
				B4BBE9EE2347F598FA6EE5AE /* Pods */,
				6666C7159CB40F9951D2038B /* Frameworks */,
			);
			sourceTree = "<group>";
		};
		5474377B23731A9400B42A9C /* Products */ = {
			isa = PBXGroup;
			children = (
				5474377A23731A9400B42A9C /* OSBaseTableView.app */,
				5474379023731A9800B42A9C /* OSBaseTableViewTests.xctest */,
				5474379B23731A9800B42A9C /* OSBaseTableViewUITests.xctest */,
			);
			name = Products;
			sourceTree = "<group>";
		};
		5474377C23731A9400B42A9C /* OSBaseTableView */ = {
			isa = PBXGroup;
			children = (
				547437C223731C5D00B42A9C /* Extension */,
				54AE8AC7237D19AD00B200E6 /* BaseStackVC */,
				547BC63D237900B000854CF4 /* BaseCollectionView */,
				547BC643237900B000854CF4 /* BaseTableView */,
				5474377D23731A9400B42A9C /* AppDelegate.swift */,
				5474377F23731A9400B42A9C /* SceneDelegate.swift */,
				5474378123731A9400B42A9C /* ContentView.swift */,
				5474378323731A9800B42A9C /* Assets.xcassets */,
				5474378823731A9800B42A9C /* LaunchScreen.storyboard */,
				5474378B23731A9800B42A9C /* Info.plist */,
				5474378523731A9800B42A9C /* Preview Content */,
			);
			path = OSBaseTableView;
			sourceTree = "<group>";
		};
		5474378523731A9800B42A9C /* Preview Content */ = {
			isa = PBXGroup;
			children = (
				5474378623731A9800B42A9C /* Preview Assets.xcassets */,
			);
			path = "Preview Content";
			sourceTree = "<group>";
		};
		5474379323731A9800B42A9C /* OSBaseTableViewTests */ = {
			isa = PBXGroup;
			children = (
				5474379423731A9800B42A9C /* OSBaseTableViewTests.swift */,
				5474379623731A9800B42A9C /* Info.plist */,
			);
			path = OSBaseTableViewTests;
			sourceTree = "<group>";
		};
		5474379E23731A9800B42A9C /* OSBaseTableViewUITests */ = {
			isa = PBXGroup;
			children = (
				5474379F23731A9800B42A9C /* OSBaseTableViewUITests.swift */,
				547437A123731A9800B42A9C /* Info.plist */,
			);
			path = OSBaseTableViewUITests;
			sourceTree = "<group>";
		};
		547437C223731C5D00B42A9C /* Extension */ = {
			isa = PBXGroup;
			children = (
				547437C023731BEB00B42A9C /* UIResponder_Extension.swift */,
				547437BE23731B6F00B42A9C /* Objc_Extension.swift */,
			);
			path = Extension;
			sourceTree = "<group>";
		};
		547BC63D237900B000854CF4 /* BaseCollectionView */ = {
			isa = PBXGroup;
			children = (
				547BC642237900B000854CF4 /* HYBaseCollectionViewDegelate.swift */,
				547BC63E237900B000854CF4 /* HYBaseCollectionViewDataSource.swift */,
				547BC63F237900B000854CF4 /* HYBaseCollectionCellTool.swift */,
				547BC640237900B000854CF4 /* HYBaseCollectionCell.swift */,
				547BC641237900B000854CF4 /* HYBaseCollectionView.swift */,
			);
			path = BaseCollectionView;
			sourceTree = "<group>";
		};
		547BC643237900B000854CF4 /* BaseTableView */ = {
			isa = PBXGroup;
			children = (
				547BC644237900B000854CF4 /* HYBaseTableViewProtocol.swift */,
				547BC645237900B000854CF4 /* HYBaseModel.swift */,
				547BC646237900B000854CF4 /* HYBaseTableViewDataSource.swift */,
				547BC647237900B000854CF4 /* HYBaseTableViewDegelate.swift */,
				547BC648237900B000854CF4 /* HYBaseTableView.swift */,
				547BC649237900B000854CF4 /* HYBaseCell.swift */,
				547BC64A237900B000854CF4 /* HYBaseCellProtocol.swift */,
				547BC64B237900B000854CF4 /* HYBaseCellTool.swift */,
			);
			path = BaseTableView;
			sourceTree = "<group>";
		};
		54AE8AC7237D19AD00B200E6 /* BaseStackVC */ = {
			isa = PBXGroup;
			children = (
				54AE8AC8237D19AD00B200E6 /* HYBaseStackCell.swift */,
				54AE8ACA237D19AD00B200E6 /* HYBaseStackScrollView.swift */,
				54AE8ACB237D19AD00B200E6 /* HYBaseStackModel.swift */,
				54AE8ACC237D19AD00B200E6 /* HYBaseVC.swift */,
				54AE8AC9237D19AD00B200E6 /* HYBaseStackVC.swift */,
			);
			path = BaseStackVC;
			sourceTree = "<group>";
		};
		6666C7159CB40F9951D2038B /* Frameworks */ = {
			isa = PBXGroup;
			children = (
				5F9755ADD4C7745EA3993A0E /* Pods_OSBaseTableView.framework */,
			);
			name = Frameworks;
			sourceTree = "<group>";
		};
		B4BBE9EE2347F598FA6EE5AE /* Pods */ = {
			isa = PBXGroup;
			children = (
				1385D9F5B8A4CCA5466E4908 /* Pods-OSBaseTableView.debug.xcconfig */,
				BD8F4B54889C687148DD5C36 /* Pods-OSBaseTableView.release.xcconfig */,
			);
			path = Pods;
			sourceTree = "<group>";
		};
/* End PBXGroup section */

/* Begin PBXNativeTarget section */
		5474377923731A9400B42A9C /* OSBaseTableView */ = {
			isa = PBXNativeTarget;
			buildConfigurationList = 547437A423731A9800B42A9C /* Build configuration list for PBXNativeTarget "OSBaseTableView" */;
			buildPhases = (
				B235ADFA15D4EF9E85DA1D24 /* [CP] Check Pods Manifest.lock */,
				5474377623731A9400B42A9C /* Sources */,
				5474377723731A9400B42A9C /* Frameworks */,
				5474377823731A9400B42A9C /* Resources */,
				F3E96870BF69703B17842615 /* [CP] Embed Pods Frameworks */,
			);
			buildRules = (
			);
			dependencies = (
			);
			name = OSBaseTableView;
			productName = OSBaseTableView;
			productReference = 5474377A23731A9400B42A9C /* OSBaseTableView.app */;
			productType = "com.apple.product-type.application";
		};
		5474378F23731A9800B42A9C /* OSBaseTableViewTests */ = {
			isa = PBXNativeTarget;
			buildConfigurationList = 547437A723731A9800B42A9C /* Build configuration list for PBXNativeTarget "OSBaseTableViewTests" */;
			buildPhases = (
				5474378C23731A9800B42A9C /* Sources */,
				5474378D23731A9800B42A9C /* Frameworks */,
				5474378E23731A9800B42A9C /* Resources */,
			);
			buildRules = (
			);
			dependencies = (
				5474379223731A9800B42A9C /* PBXTargetDependency */,
			);
			name = OSBaseTableViewTests;
			productName = OSBaseTableViewTests;
			productReference = 5474379023731A9800B42A9C /* OSBaseTableViewTests.xctest */;
			productType = "com.apple.product-type.bundle.unit-test";
		};
		5474379A23731A9800B42A9C /* OSBaseTableViewUITests */ = {
			isa = PBXNativeTarget;
			buildConfigurationList = 547437AA23731A9800B42A9C /* Build configuration list for PBXNativeTarget "OSBaseTableViewUITests" */;
			buildPhases = (
				5474379723731A9800B42A9C /* Sources */,
				5474379823731A9800B42A9C /* Frameworks */,
				5474379923731A9800B42A9C /* Resources */,
			);
			buildRules = (
			);
			dependencies = (
				5474379D23731A9800B42A9C /* PBXTargetDependency */,
			);
			name = OSBaseTableViewUITests;
			productName = OSBaseTableViewUITests;
			productReference = 5474379B23731A9800B42A9C /* OSBaseTableViewUITests.xctest */;
			productType = "com.apple.product-type.bundle.ui-testing";
		};
/* End PBXNativeTarget section */

/* Begin PBXProject section */
		5474377223731A9400B42A9C /* Project object */ = {
			isa = PBXProject;
			attributes = {
				LastSwiftUpdateCheck = 1100;
				LastUpgradeCheck = 1100;
				ORGANIZATIONNAME = "张飞";
				TargetAttributes = {
					5474377923731A9400B42A9C = {
						CreatedOnToolsVersion = 11.0;
					};
					5474378F23731A9800B42A9C = {
						CreatedOnToolsVersion = 11.0;
						TestTargetID = 5474377923731A9400B42A9C;
					};
					5474379A23731A9800B42A9C = {
						CreatedOnToolsVersion = 11.0;
						TestTargetID = 5474377923731A9400B42A9C;
					};
				};
			};
			buildConfigurationList = 5474377523731A9400B42A9C /* Build configuration list for PBXProject "OSBaseTableView" */;
			compatibilityVersion = "Xcode 9.3";
			developmentRegion = en;
			hasScannedForEncodings = 0;
			knownRegions = (
				en,
				Base,
			);
			mainGroup = 5474377123731A9400B42A9C;
			productRefGroup = 5474377B23731A9400B42A9C /* Products */;
			projectDirPath = "";
			projectRoot = "";
			targets = (
				5474377923731A9400B42A9C /* OSBaseTableView */,
				5474378F23731A9800B42A9C /* OSBaseTableViewTests */,
				5474379A23731A9800B42A9C /* OSBaseTableViewUITests */,
			);
		};
/* End PBXProject section */

/* Begin PBXResourcesBuildPhase section */
		5474377823731A9400B42A9C /* Resources */ = {
			isa = PBXResourcesBuildPhase;
			buildActionMask = 2147483647;
			files = (
				5474378A23731A9800B42A9C /* LaunchScreen.storyboard in Resources */,
				5474378723731A9800B42A9C /* Preview Assets.xcassets in Resources */,
				5474378423731A9800B42A9C /* Assets.xcassets in Resources */,
			);
			runOnlyForDeploymentPostprocessing = 0;
		};
		5474378E23731A9800B42A9C /* Resources */ = {
			isa = PBXResourcesBuildPhase;
			buildActionMask = 2147483647;
			files = (
			);
			runOnlyForDeploymentPostprocessing = 0;
		};
		5474379923731A9800B42A9C /* Resources */ = {
			isa = PBXResourcesBuildPhase;
			buildActionMask = 2147483647;
			files = (
			);
			runOnlyForDeploymentPostprocessing = 0;
		};
/* End PBXResourcesBuildPhase section */

/* Begin PBXShellScriptBuildPhase section */
		B235ADFA15D4EF9E85DA1D24 /* [CP] Check Pods Manifest.lock */ = {
			isa = PBXShellScriptBuildPhase;
			buildActionMask = 2147483647;
			files = (
			);
			inputFileListPaths = (
			);
			inputPaths = (
				"${PODS_PODFILE_DIR_PATH}/Podfile.lock",
				"${PODS_ROOT}/Manifest.lock",
			);
			name = "[CP] Check Pods Manifest.lock";
			outputFileListPaths = (
			);
			outputPaths = (
				"$(DERIVED_FILE_DIR)/Pods-OSBaseTableView-checkManifestLockResult.txt",
			);
			runOnlyForDeploymentPostprocessing = 0;
			shellPath = /bin/sh;
			shellScript = "diff \"${PODS_PODFILE_DIR_PATH}/Podfile.lock\" \"${PODS_ROOT}/Manifest.lock\" > /dev/null\nif [ $? != 0 ] ; then\n    # print error to STDERR\n    echo \"error: The sandbox is not in sync with the Podfile.lock. Run 'pod install' or update your CocoaPods installation.\" >&2\n    exit 1\nfi\n# This output is used by Xcode 'outputs' to avoid re-running this script phase.\necho \"SUCCESS\" > \"${SCRIPT_OUTPUT_FILE_0}\"\n";
			showEnvVarsInLog = 0;
		};
		F3E96870BF69703B17842615 /* [CP] Embed Pods Frameworks */ = {
			isa = PBXShellScriptBuildPhase;
			buildActionMask = 2147483647;
			files = (
			);
			inputFileListPaths = (
				"${PODS_ROOT}/Target Support Files/Pods-OSBaseTableView/Pods-OSBaseTableView-frameworks-${CONFIGURATION}-input-files.xcfilelist",
			);
			name = "[CP] Embed Pods Frameworks";
			outputFileListPaths = (
				"${PODS_ROOT}/Target Support Files/Pods-OSBaseTableView/Pods-OSBaseTableView-frameworks-${CONFIGURATION}-output-files.xcfilelist",
			);
			runOnlyForDeploymentPostprocessing = 0;
			shellPath = /bin/sh;
			shellScript = "\"${PODS_ROOT}/Target Support Files/Pods-OSBaseTableView/Pods-OSBaseTableView-frameworks.sh\"\n";
			showEnvVarsInLog = 0;
		};
/* End PBXShellScriptBuildPhase section */

/* Begin PBXSourcesBuildPhase section */
		5474377623731A9400B42A9C /* Sources */ = {
			isa = PBXSourcesBuildPhase;
			buildActionMask = 2147483647;
			files = (
				547BC64D237900B000854CF4 /* HYBaseCollectionCellTool.swift in Sources */,
				547BC653237900B000854CF4 /* HYBaseTableViewDataSource.swift in Sources */,
				54AE8AD2237D19AE00B200E6 /* HYBaseVC.swift in Sources */,
				54AE8AD0237D19AE00B200E6 /* HYBaseStackScrollView.swift in Sources */,
				5474377E23731A9400B42A9C /* AppDelegate.swift in Sources */,
				547BC64C237900B000854CF4 /* HYBaseCollectionViewDataSource.swift in Sources */,
				547BC651237900B000854CF4 /* HYBaseTableViewProtocol.swift in Sources */,
				547437C123731BEC00B42A9C /* UIResponder_Extension.swift in Sources */,
				5474378023731A9400B42A9C /* SceneDelegate.swift in Sources */,
				547BC656237900B000854CF4 /* HYBaseCell.swift in Sources */,
				547BC650237900B000854CF4 /* HYBaseCollectionViewDegelate.swift in Sources */,
				547BC654237900B000854CF4 /* HYBaseTableViewDegelate.swift in Sources */,
				547BC64E237900B000854CF4 /* HYBaseCollectionCell.swift in Sources */,
				547BC657237900B000854CF4 /* HYBaseCellProtocol.swift in Sources */,
				5474378223731A9400B42A9C /* ContentView.swift in Sources */,
				547BC652237900B000854CF4 /* HYBaseModel.swift in Sources */,
				547BC655237900B000854CF4 /* HYBaseTableView.swift in Sources */,
				547BC658237900B000854CF4 /* HYBaseCellTool.swift in Sources */,
				54AE8ACE237D19AE00B200E6 /* HYBaseStackCell.swift in Sources */,
				54AE8AD1237D19AE00B200E6 /* HYBaseStackModel.swift in Sources */,
				54AE8ACF237D19AE00B200E6 /* HYBaseStackVC.swift in Sources */,
				547437BF23731B6F00B42A9C /* Objc_Extension.swift in Sources */,
				547BC64F237900B000854CF4 /* HYBaseCollectionView.swift in Sources */,
			);
			runOnlyForDeploymentPostprocessing = 0;
		};
		5474378C23731A9800B42A9C /* Sources */ = {
			isa = PBXSourcesBuildPhase;
			buildActionMask = 2147483647;
			files = (
				5474379523731A9800B42A9C /* OSBaseTableViewTests.swift in Sources */,
			);
			runOnlyForDeploymentPostprocessing = 0;
		};
		5474379723731A9800B42A9C /* Sources */ = {
			isa = PBXSourcesBuildPhase;
			buildActionMask = 2147483647;
			files = (
				547437A023731A9800B42A9C /* OSBaseTableViewUITests.swift in Sources */,
			);
			runOnlyForDeploymentPostprocessing = 0;
		};
/* End PBXSourcesBuildPhase section */

/* Begin PBXTargetDependency section */
		5474379223731A9800B42A9C /* PBXTargetDependency */ = {
			isa = PBXTargetDependency;
			target = 5474377923731A9400B42A9C /* OSBaseTableView */;
			targetProxy = 5474379123731A9800B42A9C /* PBXContainerItemProxy */;
		};
		5474379D23731A9800B42A9C /* PBXTargetDependency */ = {
			isa = PBXTargetDependency;
			target = 5474377923731A9400B42A9C /* OSBaseTableView */;
			targetProxy = 5474379C23731A9800B42A9C /* PBXContainerItemProxy */;
		};
/* End PBXTargetDependency section */

/* Begin PBXVariantGroup section */
		5474378823731A9800B42A9C /* LaunchScreen.storyboard */ = {
			isa = PBXVariantGroup;
			children = (
				5474378923731A9800B42A9C /* Base */,
			);
			name = LaunchScreen.storyboard;
			sourceTree = "<group>";
		};
/* End PBXVariantGroup section */

/* Begin XCBuildConfiguration section */
		547437A223731A9800B42A9C /* Debug */ = {
			isa = XCBuildConfiguration;
			buildSettings = {
				ALWAYS_SEARCH_USER_PATHS = NO;
				CLANG_ANALYZER_NONNULL = YES;
				CLANG_ANALYZER_NUMBER_OBJECT_CONVERSION = YES_AGGRESSIVE;
				CLANG_CXX_LANGUAGE_STANDARD = "gnu++14";
				CLANG_CXX_LIBRARY = "libc++";
				CLANG_ENABLE_MODULES = YES;
				CLANG_ENABLE_OBJC_ARC = YES;
				CLANG_ENABLE_OBJC_WEAK = YES;
				CLANG_WARN_BLOCK_CAPTURE_AUTORELEASING = YES;
				CLANG_WARN_BOOL_CONVERSION = YES;
				CLANG_WARN_COMMA = YES;
				CLANG_WARN_CONSTANT_CONVERSION = YES;
				CLANG_WARN_DEPRECATED_OBJC_IMPLEMENTATIONS = YES;
				CLANG_WARN_DIRECT_OBJC_ISA_USAGE = YES_ERROR;
				CLANG_WARN_DOCUMENTATION_COMMENTS = YES;
				CLANG_WARN_EMPTY_BODY = YES;
				CLANG_WARN_ENUM_CONVERSION = YES;
				CLANG_WARN_INFINITE_RECURSION = YES;
				CLANG_WARN_INT_CONVERSION = YES;
				CLANG_WARN_NON_LITERAL_NULL_CONVERSION = YES;
				CLANG_WARN_OBJC_IMPLICIT_RETAIN_SELF = YES;
				CLANG_WARN_OBJC_LITERAL_CONVERSION = YES;
				CLANG_WARN_OBJC_ROOT_CLASS = YES_ERROR;
				CLANG_WARN_RANGE_LOOP_ANALYSIS = YES;
				CLANG_WARN_STRICT_PROTOTYPES = YES;
				CLANG_WARN_SUSPICIOUS_MOVE = YES;
				CLANG_WARN_UNGUARDED_AVAILABILITY = YES_AGGRESSIVE;
				CLANG_WARN_UNREACHABLE_CODE = YES;
				CLANG_WARN__DUPLICATE_METHOD_MATCH = YES;
				COPY_PHASE_STRIP = NO;
				DEBUG_INFORMATION_FORMAT = dwarf;
				ENABLE_STRICT_OBJC_MSGSEND = YES;
				ENABLE_TESTABILITY = YES;
				GCC_C_LANGUAGE_STANDARD = gnu11;
				GCC_DYNAMIC_NO_PIC = NO;
				GCC_NO_COMMON_BLOCKS = YES;
				GCC_OPTIMIZATION_LEVEL = 0;
				GCC_PREPROCESSOR_DEFINITIONS = (
					"DEBUG=1",
					"$(inherited)",
				);
				GCC_WARN_64_TO_32_BIT_CONVERSION = YES;
				GCC_WARN_ABOUT_RETURN_TYPE = YES_ERROR;
				GCC_WARN_UNDECLARED_SELECTOR = YES;
				GCC_WARN_UNINITIALIZED_AUTOS = YES_AGGRESSIVE;
				GCC_WARN_UNUSED_FUNCTION = YES;
				GCC_WARN_UNUSED_VARIABLE = YES;
				IPHONEOS_DEPLOYMENT_TARGET = 13.0;
				MTL_ENABLE_DEBUG_INFO = INCLUDE_SOURCE;
				MTL_FAST_MATH = YES;
				ONLY_ACTIVE_ARCH = YES;
				SDKROOT = iphoneos;
				SWIFT_ACTIVE_COMPILATION_CONDITIONS = DEBUG;
				SWIFT_OPTIMIZATION_LEVEL = "-Onone";
			};
			name = Debug;
		};
		547437A323731A9800B42A9C /* Release */ = {
			isa = XCBuildConfiguration;
			buildSettings = {
				ALWAYS_SEARCH_USER_PATHS = NO;
				CLANG_ANALYZER_NONNULL = YES;
				CLANG_ANALYZER_NUMBER_OBJECT_CONVERSION = YES_AGGRESSIVE;
				CLANG_CXX_LANGUAGE_STANDARD = "gnu++14";
				CLANG_CXX_LIBRARY = "libc++";
				CLANG_ENABLE_MODULES = YES;
				CLANG_ENABLE_OBJC_ARC = YES;
				CLANG_ENABLE_OBJC_WEAK = YES;
				CLANG_WARN_BLOCK_CAPTURE_AUTORELEASING = YES;
				CLANG_WARN_BOOL_CONVERSION = YES;
				CLANG_WARN_COMMA = YES;
				CLANG_WARN_CONSTANT_CONVERSION = YES;
				CLANG_WARN_DEPRECATED_OBJC_IMPLEMENTATIONS = YES;
				CLANG_WARN_DIRECT_OBJC_ISA_USAGE = YES_ERROR;
				CLANG_WARN_DOCUMENTATION_COMMENTS = YES;
				CLANG_WARN_EMPTY_BODY = YES;
				CLANG_WARN_ENUM_CONVERSION = YES;
				CLANG_WARN_INFINITE_RECURSION = YES;
				CLANG_WARN_INT_CONVERSION = YES;
				CLANG_WARN_NON_LITERAL_NULL_CONVERSION = YES;
				CLANG_WARN_OBJC_IMPLICIT_RETAIN_SELF = YES;
				CLANG_WARN_OBJC_LITERAL_CONVERSION = YES;
				CLANG_WARN_OBJC_ROOT_CLASS = YES_ERROR;
				CLANG_WARN_RANGE_LOOP_ANALYSIS = YES;
				CLANG_WARN_STRICT_PROTOTYPES = YES;
				CLANG_WARN_SUSPICIOUS_MOVE = YES;
				CLANG_WARN_UNGUARDED_AVAILABILITY = YES_AGGRESSIVE;
				CLANG_WARN_UNREACHABLE_CODE = YES;
				CLANG_WARN__DUPLICATE_METHOD_MATCH = YES;
				COPY_PHASE_STRIP = NO;
				DEBUG_INFORMATION_FORMAT = "dwarf-with-dsym";
				ENABLE_NS_ASSERTIONS = NO;
				ENABLE_STRICT_OBJC_MSGSEND = YES;
				GCC_C_LANGUAGE_STANDARD = gnu11;
				GCC_NO_COMMON_BLOCKS = YES;
				GCC_WARN_64_TO_32_BIT_CONVERSION = YES;
				GCC_WARN_ABOUT_RETURN_TYPE = YES_ERROR;
				GCC_WARN_UNDECLARED_SELECTOR = YES;
				GCC_WARN_UNINITIALIZED_AUTOS = YES_AGGRESSIVE;
				GCC_WARN_UNUSED_FUNCTION = YES;
				GCC_WARN_UNUSED_VARIABLE = YES;
				IPHONEOS_DEPLOYMENT_TARGET = 13.0;
				MTL_ENABLE_DEBUG_INFO = NO;
				MTL_FAST_MATH = YES;
				SDKROOT = iphoneos;
				SWIFT_COMPILATION_MODE = wholemodule;
				SWIFT_OPTIMIZATION_LEVEL = "-O";
				VALIDATE_PRODUCT = YES;
			};
			name = Release;
		};
		547437A523731A9800B42A9C /* Debug */ = {
			isa = XCBuildConfiguration;
			baseConfigurationReference = 1385D9F5B8A4CCA5466E4908 /* Pods-OSBaseTableView.debug.xcconfig */;
			buildSettings = {
				ASSETCATALOG_COMPILER_APPICON_NAME = AppIcon;
				CODE_SIGN_STYLE = Automatic;
				DEVELOPMENT_ASSET_PATHS = "\"OSBaseTableView/Preview Content\"";
				DEVELOPMENT_TEAM = 49QL38VYXX;
				ENABLE_PREVIEWS = YES;
				INFOPLIST_FILE = OSBaseTableView/Info.plist;
				LD_RUNPATH_SEARCH_PATHS = (
					"$(inherited)",
					"@executable_path/Frameworks",
				);
				PRODUCT_BUNDLE_IDENTIFIER = bcc.OSBaseTableView;
				PRODUCT_NAME = "$(TARGET_NAME)";
				SWIFT_VERSION = 5.0;
				TARGETED_DEVICE_FAMILY = "1,2";
			};
			name = Debug;
		};
		547437A623731A9800B42A9C /* Release */ = {
			isa = XCBuildConfiguration;
			baseConfigurationReference = BD8F4B54889C687148DD5C36 /* Pods-OSBaseTableView.release.xcconfig */;
			buildSettings = {
				ASSETCATALOG_COMPILER_APPICON_NAME = AppIcon;
				CODE_SIGN_STYLE = Automatic;
				DEVELOPMENT_ASSET_PATHS = "\"OSBaseTableView/Preview Content\"";
				DEVELOPMENT_TEAM = 49QL38VYXX;
				ENABLE_PREVIEWS = YES;
				INFOPLIST_FILE = OSBaseTableView/Info.plist;
				LD_RUNPATH_SEARCH_PATHS = (
					"$(inherited)",
					"@executable_path/Frameworks",
				);
				PRODUCT_BUNDLE_IDENTIFIER = bcc.OSBaseTableView;
				PRODUCT_NAME = "$(TARGET_NAME)";
				SWIFT_VERSION = 5.0;
				TARGETED_DEVICE_FAMILY = "1,2";
			};
			name = Release;
		};
		547437A823731A9800B42A9C /* Debug */ = {
			isa = XCBuildConfiguration;
			buildSettings = {
				ALWAYS_EMBED_SWIFT_STANDARD_LIBRARIES = YES;
				BUNDLE_LOADER = "$(TEST_HOST)";
				CODE_SIGN_STYLE = Automatic;
				DEVELOPMENT_TEAM = 49QL38VYXX;
				INFOPLIST_FILE = OSBaseTableViewTests/Info.plist;
				IPHONEOS_DEPLOYMENT_TARGET = 13.0;
				LD_RUNPATH_SEARCH_PATHS = (
					"$(inherited)",
					"@executable_path/Frameworks",
					"@loader_path/Frameworks",
				);
				PRODUCT_BUNDLE_IDENTIFIER = bcc.OSBaseTableViewTests;
				PRODUCT_NAME = "$(TARGET_NAME)";
				SWIFT_VERSION = 5.0;
				TARGETED_DEVICE_FAMILY = "1,2";
				TEST_HOST = "$(BUILT_PRODUCTS_DIR)/OSBaseTableView.app/OSBaseTableView";
			};
			name = Debug;
		};
		547437A923731A9800B42A9C /* Release */ = {
			isa = XCBuildConfiguration;
			buildSettings = {
				ALWAYS_EMBED_SWIFT_STANDARD_LIBRARIES = YES;
				BUNDLE_LOADER = "$(TEST_HOST)";
				CODE_SIGN_STYLE = Automatic;
				DEVELOPMENT_TEAM = 49QL38VYXX;
				INFOPLIST_FILE = OSBaseTableViewTests/Info.plist;
				IPHONEOS_DEPLOYMENT_TARGET = 13.0;
				LD_RUNPATH_SEARCH_PATHS = (
					"$(inherited)",
					"@executable_path/Frameworks",
					"@loader_path/Frameworks",
				);
				PRODUCT_BUNDLE_IDENTIFIER = bcc.OSBaseTableViewTests;
				PRODUCT_NAME = "$(TARGET_NAME)";
				SWIFT_VERSION = 5.0;
				TARGETED_DEVICE_FAMILY = "1,2";
				TEST_HOST = "$(BUILT_PRODUCTS_DIR)/OSBaseTableView.app/OSBaseTableView";
			};
			name = Release;
		};
		547437AB23731A9800B42A9C /* Debug */ = {
			isa = XCBuildConfiguration;
			buildSettings = {
				ALWAYS_EMBED_SWIFT_STANDARD_LIBRARIES = YES;
				CODE_SIGN_STYLE = Automatic;
				DEVELOPMENT_TEAM = 49QL38VYXX;
				INFOPLIST_FILE = OSBaseTableViewUITests/Info.plist;
				LD_RUNPATH_SEARCH_PATHS = (
					"$(inherited)",
					"@executable_path/Frameworks",
					"@loader_path/Frameworks",
				);
				PRODUCT_BUNDLE_IDENTIFIER = bcc.OSBaseTableViewUITests;
				PRODUCT_NAME = "$(TARGET_NAME)";
				SWIFT_VERSION = 5.0;
				TARGETED_DEVICE_FAMILY = "1,2";
				TEST_TARGET_NAME = OSBaseTableView;
			};
			name = Debug;
		};
		547437AC23731A9800B42A9C /* Release */ = {
			isa = XCBuildConfiguration;
			buildSettings = {
				ALWAYS_EMBED_SWIFT_STANDARD_LIBRARIES = YES;
				CODE_SIGN_STYLE = Automatic;
				DEVELOPMENT_TEAM = 49QL38VYXX;
				INFOPLIST_FILE = OSBaseTableViewUITests/Info.plist;
				LD_RUNPATH_SEARCH_PATHS = (
					"$(inherited)",
					"@executable_path/Frameworks",
					"@loader_path/Frameworks",
				);
				PRODUCT_BUNDLE_IDENTIFIER = bcc.OSBaseTableViewUITests;
				PRODUCT_NAME = "$(TARGET_NAME)";
				SWIFT_VERSION = 5.0;
				TARGETED_DEVICE_FAMILY = "1,2";
				TEST_TARGET_NAME = OSBaseTableView;
			};
			name = Release;
		};
/* End XCBuildConfiguration section */

/* Begin XCConfigurationList section */
		5474377523731A9400B42A9C /* Build configuration list for PBXProject "OSBaseTableView" */ = {
			isa = XCConfigurationList;
			buildConfigurations = (
				547437A223731A9800B42A9C /* Debug */,
				547437A323731A9800B42A9C /* Release */,
			);
			defaultConfigurationIsVisible = 0;
			defaultConfigurationName = Release;
		};
		547437A423731A9800B42A9C /* Build configuration list for PBXNativeTarget "OSBaseTableView" */ = {
			isa = XCConfigurationList;
			buildConfigurations = (
				547437A523731A9800B42A9C /* Debug */,
				547437A623731A9800B42A9C /* Release */,
			);
			defaultConfigurationIsVisible = 0;
			defaultConfigurationName = Release;
		};
		547437A723731A9800B42A9C /* Build configuration list for PBXNativeTarget "OSBaseTableViewTests" */ = {
			isa = XCConfigurationList;
			buildConfigurations = (
				547437A823731A9800B42A9C /* Debug */,
				547437A923731A9800B42A9C /* Release */,
			);
			defaultConfigurationIsVisible = 0;
			defaultConfigurationName = Release;
		};
		547437AA23731A9800B42A9C /* Build configuration list for PBXNativeTarget "OSBaseTableViewUITests" */ = {
			isa = XCConfigurationList;
			buildConfigurations = (
				547437AB23731A9800B42A9C /* Debug */,
				547437AC23731A9800B42A9C /* Release */,
			);
			defaultConfigurationIsVisible = 0;
			defaultConfigurationName = Release;
		};
/* End XCConfigurationList section */
	};
	rootObject = 5474377223731A9400B42A9C /* Project object */;
}
